{
  "version": 4,
  "terraform_version": "1.7.3",
  "serial": 131,
  "lineage": "fa4f23e8-f503-8232-50fe-63d6fe2affd7",
  "outputs": {
    "subnet_ids": {
      "value": [
        "subnet-084af3f094dd68af5",
        "subnet-0968e42ba44d724f5",
        "subnet-0a446bdb58c6c05c4",
        "subnet-0b6dd1ae9c524e818",
        "subnet-0d74cb9b657f5fd81",
        "subnet-0d831b2a0653ec14f"
      ],
      "type": [
        "tuple",
        [
          "string",
          "string",
          "string",
          "string",
          "string",
          "string"
        ]
      ]
    }
  },
  "resources": [
    {
      "mode": "data",
      "type": "aws_ami",
      "name": "stack_ami",
      "provider": "provider[\"registry.terraform.io/hashicorp/aws\"]",
      "instances": [
        {
          "schema_version": 0,
          "attributes": {
            "architecture": "x86_64",
            "arn": "arn:aws:ec2:us-east-1::image/ami-0a8107a9b348edde2",
            "block_device_mappings": [
              {
                "device_name": "/dev/xvda",
                "ebs": {
                  "delete_on_termination": "true",
                  "encrypted": "false",
                  "iops": "3000",
                  "snapshot_id": "snap-034f62e7ee457460b",
                  "throughput": "125",
                  "volume_size": "8",
                  "volume_type": "gp3"
                },
                "no_device": "",
                "virtual_name": ""
              }
            ],
            "boot_mode": "uefi-preferred",
            "creation_date": "2024-03-10T04:59:34.000Z",
            "deprecation_time": "",
            "description": "ami-image-1.0",
            "ena_support": true,
            "executable_users": null,
            "filter": [
              {
                "name": "name",
                "values": [
                  "ami-image-*"
                ]
              }
            ],
            "hypervisor": "xen",
            "id": "ami-0a8107a9b348edde2",
            "image_id": "ami-0a8107a9b348edde2",
            "image_location": "730335195244/ami-image-1.0",
            "image_owner_alias": "",
            "image_type": "machine",
            "imds_support": "v2.0",
            "include_deprecated": false,
            "kernel_id": "",
            "most_recent": true,
            "name": "ami-image-1.0",
            "name_regex": "^ami-image-.*",
            "owner_id": "730335195244",
            "owners": [
              "self"
            ],
            "platform": "",
            "platform_details": "Linux/UNIX",
            "product_codes": [],
            "public": false,
            "ramdisk_id": "",
            "root_device_name": "/dev/xvda",
            "root_device_type": "ebs",
            "root_snapshot_id": "snap-034f62e7ee457460b",
            "sriov_net_support": "simple",
            "state": "available",
            "state_reason": {
              "code": "UNSET",
              "message": "UNSET"
            },
            "tags": {},
            "timeouts": null,
            "tpm_support": "",
            "usage_operation": "RunInstances",
            "virtualization_type": "hvm"
          },
          "sensitive_attributes": []
        }
      ]
    },
    {
      "mode": "data",
      "type": "aws_subnet",
      "name": "stack_sub",
      "provider": "provider[\"registry.terraform.io/hashicorp/aws\"]",
      "instances": [
        {
          "index_key": "subnet-084af3f094dd68af5",
          "schema_version": 0,
          "attributes": {
            "arn": "arn:aws:ec2:us-east-1:730335195244:subnet/subnet-084af3f094dd68af5",
            "assign_ipv6_address_on_creation": false,
            "availability_zone": "us-east-1c",
            "availability_zone_id": "use1-az4",
            "available_ip_address_count": 4085,
            "cidr_block": "172.31.16.0/20",
            "customer_owned_ipv4_pool": "",
            "default_for_az": true,
            "enable_dns64": false,
            "enable_lni_at_device_index": 0,
            "enable_resource_name_dns_a_record_on_launch": false,
            "enable_resource_name_dns_aaaa_record_on_launch": false,
            "filter": null,
            "id": "subnet-084af3f094dd68af5",
            "ipv6_cidr_block": "",
            "ipv6_cidr_block_association_id": "",
            "ipv6_native": false,
            "map_customer_owned_ip_on_launch": false,
            "map_public_ip_on_launch": true,
            "outpost_arn": "",
            "owner_id": "730335195244",
            "private_dns_hostname_type_on_launch": "ip-name",
            "state": "available",
            "tags": {},
            "timeouts": null,
            "vpc_id": "vpc-02887ad5377b2ce9d"
          },
          "sensitive_attributes": []
        },
        {
          "index_key": "subnet-0968e42ba44d724f5",
          "schema_version": 0,
          "attributes": {
            "arn": "arn:aws:ec2:us-east-1:730335195244:subnet/subnet-0968e42ba44d724f5",
            "assign_ipv6_address_on_creation": false,
            "availability_zone": "us-east-1d",
            "availability_zone_id": "use1-az6",
            "available_ip_address_count": 4084,
            "cidr_block": "172.31.32.0/20",
            "customer_owned_ipv4_pool": "",
            "default_for_az": true,
            "enable_dns64": false,
            "enable_lni_at_device_index": 0,
            "enable_resource_name_dns_a_record_on_launch": false,
            "enable_resource_name_dns_aaaa_record_on_launch": false,
            "filter": null,
            "id": "subnet-0968e42ba44d724f5",
            "ipv6_cidr_block": "",
            "ipv6_cidr_block_association_id": "",
            "ipv6_native": false,
            "map_customer_owned_ip_on_launch": false,
            "map_public_ip_on_launch": true,
            "outpost_arn": "",
            "owner_id": "730335195244",
            "private_dns_hostname_type_on_launch": "ip-name",
            "state": "available",
            "tags": {},
            "timeouts": null,
            "vpc_id": "vpc-02887ad5377b2ce9d"
          },
          "sensitive_attributes": []
        },
        {
          "index_key": "subnet-0a446bdb58c6c05c4",
          "schema_version": 0,
          "attributes": {
            "arn": "arn:aws:ec2:us-east-1:730335195244:subnet/subnet-0a446bdb58c6c05c4",
            "assign_ipv6_address_on_creation": false,
            "availability_zone": "us-east-1e",
            "availability_zone_id": "use1-az3",
            "available_ip_address_count": 4091,
            "cidr_block": "172.31.48.0/20",
            "customer_owned_ipv4_pool": "",
            "default_for_az": true,
            "enable_dns64": false,
            "enable_lni_at_device_index": 0,
            "enable_resource_name_dns_a_record_on_launch": false,
            "enable_resource_name_dns_aaaa_record_on_launch": false,
            "filter": null,
            "id": "subnet-0a446bdb58c6c05c4",
            "ipv6_cidr_block": "",
            "ipv6_cidr_block_association_id": "",
            "ipv6_native": false,
            "map_customer_owned_ip_on_launch": false,
            "map_public_ip_on_launch": true,
            "outpost_arn": "",
            "owner_id": "730335195244",
            "private_dns_hostname_type_on_launch": "ip-name",
            "state": "available",
            "tags": {},
            "timeouts": null,
            "vpc_id": "vpc-02887ad5377b2ce9d"
          },
          "sensitive_attributes": []
        },
        {
          "index_key": "subnet-0b6dd1ae9c524e818",
          "schema_version": 0,
          "attributes": {
            "arn": "arn:aws:ec2:us-east-1:730335195244:subnet/subnet-0b6dd1ae9c524e818",
            "assign_ipv6_address_on_creation": false,
            "availability_zone": "us-east-1a",
            "availability_zone_id": "use1-az1",
            "available_ip_address_count": 4089,
            "cidr_block": "172.31.0.0/20",
            "customer_owned_ipv4_pool": "",
            "default_for_az": true,
            "enable_dns64": false,
            "enable_lni_at_device_index": 0,
            "enable_resource_name_dns_a_record_on_launch": false,
            "enable_resource_name_dns_aaaa_record_on_launch": false,
            "filter": null,
            "id": "subnet-0b6dd1ae9c524e818",
            "ipv6_cidr_block": "",
            "ipv6_cidr_block_association_id": "",
            "ipv6_native": false,
            "map_customer_owned_ip_on_launch": false,
            "map_public_ip_on_launch": true,
            "outpost_arn": "",
            "owner_id": "730335195244",
            "private_dns_hostname_type_on_launch": "ip-name",
            "state": "available",
            "tags": {},
            "timeouts": null,
            "vpc_id": "vpc-02887ad5377b2ce9d"
          },
          "sensitive_attributes": []
        },
        {
          "index_key": "subnet-0d74cb9b657f5fd81",
          "schema_version": 0,
          "attributes": {
            "arn": "arn:aws:ec2:us-east-1:730335195244:subnet/subnet-0d74cb9b657f5fd81",
            "assign_ipv6_address_on_creation": false,
            "availability_zone": "us-east-1b",
            "availability_zone_id": "use1-az2",
            "available_ip_address_count": 4086,
            "cidr_block": "172.31.80.0/20",
            "customer_owned_ipv4_pool": "",
            "default_for_az": true,
            "enable_dns64": false,
            "enable_lni_at_device_index": 0,
            "enable_resource_name_dns_a_record_on_launch": false,
            "enable_resource_name_dns_aaaa_record_on_launch": false,
            "filter": null,
            "id": "subnet-0d74cb9b657f5fd81",
            "ipv6_cidr_block": "",
            "ipv6_cidr_block_association_id": "",
            "ipv6_native": false,
            "map_customer_owned_ip_on_launch": false,
            "map_public_ip_on_launch": true,
            "outpost_arn": "",
            "owner_id": "730335195244",
            "private_dns_hostname_type_on_launch": "ip-name",
            "state": "available",
            "tags": {},
            "timeouts": null,
            "vpc_id": "vpc-02887ad5377b2ce9d"
          },
          "sensitive_attributes": []
        },
        {
          "index_key": "subnet-0d831b2a0653ec14f",
          "schema_version": 0,
          "attributes": {
            "arn": "arn:aws:ec2:us-east-1:730335195244:subnet/subnet-0d831b2a0653ec14f",
            "assign_ipv6_address_on_creation": false,
            "availability_zone": "us-east-1f",
            "availability_zone_id": "use1-az5",
            "available_ip_address_count": 4090,
            "cidr_block": "172.31.64.0/20",
            "customer_owned_ipv4_pool": "",
            "default_for_az": true,
            "enable_dns64": false,
            "enable_lni_at_device_index": 0,
            "enable_resource_name_dns_a_record_on_launch": false,
            "enable_resource_name_dns_aaaa_record_on_launch": false,
            "filter": null,
            "id": "subnet-0d831b2a0653ec14f",
            "ipv6_cidr_block": "",
            "ipv6_cidr_block_association_id": "",
            "ipv6_native": false,
            "map_customer_owned_ip_on_launch": false,
            "map_public_ip_on_launch": true,
            "outpost_arn": "",
            "owner_id": "730335195244",
            "private_dns_hostname_type_on_launch": "ip-name",
            "state": "available",
            "tags": {},
            "timeouts": null,
            "vpc_id": "vpc-02887ad5377b2ce9d"
          },
          "sensitive_attributes": []
        }
      ]
    },
    {
      "mode": "data",
      "type": "aws_subnets",
      "name": "stack_sub",
      "provider": "provider[\"registry.terraform.io/hashicorp/aws\"]",
      "instances": [
        {
          "schema_version": 0,
          "attributes": {
            "filter": [
              {
                "name": "vpc-id",
                "values": [
                  "vpc-02887ad5377b2ce9d"
                ]
              }
            ],
            "id": "us-east-1",
            "ids": [
              "subnet-084af3f094dd68af5",
              "subnet-0d74cb9b657f5fd81",
              "subnet-0968e42ba44d724f5",
              "subnet-0b6dd1ae9c524e818",
              "subnet-0d831b2a0653ec14f",
              "subnet-0a446bdb58c6c05c4"
            ],
            "tags": null,
            "timeouts": null
          },
          "sensitive_attributes": []
        }
      ]
    },
    {
      "mode": "data",
      "type": "template_file",
      "name": "bootstrap",
      "provider": "provider[\"registry.terraform.io/hashicorp/template\"]",
      "instances": [
        {
          "schema_version": 0,
          "attributes": {
            "filename": null,
            "id": "4022f89a0d7757f51c6af051d352830e2bb6a1a924a4190a9b8253ca10856770",
            "rendered": "#!/bin/bash\r\n\r\nsudo yum update -y\r\nsudo yum install git -y\r\nsudo amazon-linux-extras install -y lamp-mariadb10.2-php7.2 php7.2\r\nsudo yum install -y httpd mariadb-server\r\nsudo systemctl start httpd\r\nsudo systemctl enable httpd\r\nsudo systemctl is-enabled httpd\r\ngit clone https://github.com/stackitgit/CliXX_Retail_Repository.git\r\ncp -r CliXX_Retail_Repository/* /var/www/html",
            "template": "#!/bin/bash\r\n\r\nsudo yum update -y\r\nsudo yum install git -y\r\nsudo amazon-linux-extras install -y lamp-mariadb10.2-php7.2 php7.2\r\nsudo yum install -y httpd mariadb-server\r\nsudo systemctl start httpd\r\nsudo systemctl enable httpd\r\nsudo systemctl is-enabled httpd\r\ngit clone ${GIT_REPO}\r\ncp -r CliXX_Retail_Repository/* /var/www/html",
            "vars": {
              "GIT_REPO": "https://github.com/stackitgit/CliXX_Retail_Repository.git"
            }
          },
          "sensitive_attributes": []
        }
      ]
    },
    {
      "module": "module.EC2-BASE",
      "mode": "data",
      "type": "template_file",
      "name": "bootstrap",
      "provider": "provider[\"registry.terraform.io/hashicorp/template\"]",
      "instances": [
        {
          "schema_version": 0,
          "attributes": {
            "filename": null,
            "id": "4022f89a0d7757f51c6af051d352830e2bb6a1a924a4190a9b8253ca10856770",
            "rendered": "#!/bin/bash\r\n\r\nsudo yum update -y\r\nsudo yum install git -y\r\nsudo amazon-linux-extras install -y lamp-mariadb10.2-php7.2 php7.2\r\nsudo yum install -y httpd mariadb-server\r\nsudo systemctl start httpd\r\nsudo systemctl enable httpd\r\nsudo systemctl is-enabled httpd\r\ngit clone https://github.com/stackitgit/CliXX_Retail_Repository.git\r\ncp -r CliXX_Retail_Repository/* /var/www/html",
            "template": "#!/bin/bash\r\n\r\nsudo yum update -y\r\nsudo yum install git -y\r\nsudo amazon-linux-extras install -y lamp-mariadb10.2-php7.2 php7.2\r\nsudo yum install -y httpd mariadb-server\r\nsudo systemctl start httpd\r\nsudo systemctl enable httpd\r\nsudo systemctl is-enabled httpd\r\ngit clone ${GIT_REPO}\r\ncp -r CliXX_Retail_Repository/* /var/www/html",
            "vars": {
              "GIT_REPO": "https://github.com/stackitgit/CliXX_Retail_Repository.git"
            }
          },
          "sensitive_attributes": []
        }
      ]
    },
    {
      "module": "module.EC2-BASE",
      "mode": "managed",
      "type": "aws_instance",
      "name": "server",
      "provider": "provider[\"registry.terraform.io/hashicorp/aws\"]",
      "instances": [
        {
          "schema_version": 1,
          "attributes": {
            "ami": "ami-0a8107a9b348edde2",
            "arn": "arn:aws:ec2:us-east-1:730335195244:instance/i-01de6959eda3a5099",
            "associate_public_ip_address": true,
            "availability_zone": "us-east-1c",
            "capacity_reservation_specification": [
              {
                "capacity_reservation_preference": "open",
                "capacity_reservation_target": []
              }
            ],
            "cpu_core_count": 1,
            "cpu_options": [
              {
                "amd_sev_snp": "",
                "core_count": 1,
                "threads_per_core": 1
              }
            ],
            "cpu_threads_per_core": 1,
            "credit_specification": [
              {
                "cpu_credits": "standard"
              }
            ],
            "disable_api_stop": false,
            "disable_api_termination": false,
            "ebs_block_device": [],
            "ebs_optimized": false,
            "enclave_options": [
              {
                "enabled": false
              }
            ],
            "ephemeral_block_device": [],
            "get_password_data": false,
            "hibernation": false,
            "host_id": "",
            "host_resource_group_arn": null,
            "iam_instance_profile": "",
            "id": "i-01de6959eda3a5099",
            "instance_initiated_shutdown_behavior": "stop",
            "instance_lifecycle": "",
            "instance_market_options": [],
            "instance_state": "running",
            "instance_type": "t2.micro",
            "ipv6_address_count": 0,
            "ipv6_addresses": [],
            "key_name": "stackkp",
            "launch_template": [],
            "maintenance_options": [
              {
                "auto_recovery": "default"
              }
            ],
            "metadata_options": [
              {
                "http_endpoint": "enabled",
                "http_protocol_ipv6": "disabled",
                "http_put_response_hop_limit": 2,
                "http_tokens": "required",
                "instance_metadata_tags": "disabled"
              }
            ],
            "monitoring": false,
            "network_interface": [],
            "outpost_arn": "",
            "password_data": "",
            "placement_group": "",
            "placement_partition_number": 0,
            "primary_network_interface_id": "eni-00d449f09f86f5d15",
            "private_dns": "ip-172-31-28-199.ec2.internal",
            "private_dns_name_options": [
              {
                "enable_resource_name_dns_a_record": false,
                "enable_resource_name_dns_aaaa_record": false,
                "hostname_type": "ip-name"
              }
            ],
            "private_ip": "172.31.28.199",
            "public_dns": "ec2-54-87-62-211.compute-1.amazonaws.com",
            "public_ip": "54.87.62.211",
            "root_block_device": [
              {
                "delete_on_termination": true,
                "device_name": "/dev/xvda",
                "encrypted": true,
                "iops": 100,
                "kms_key_id": "arn:aws:kms:us-east-1:730335195244:key/38078e5c-9f1d-4540-a290-50050d26b731",
                "tags": null,
                "tags_all": {},
                "throughput": 0,
                "volume_id": "vol-0a2b35b8bf341f8ae",
                "volume_size": 30,
                "volume_type": "gp2"
              }
            ],
            "secondary_private_ips": [],
            "security_groups": [
              "Stack-Mod-DMZ-EC2"
            ],
            "source_dest_check": true,
            "spot_instance_request_id": "",
            "subnet_id": "subnet-084af3f094dd68af5",
            "tags": {
              "Backup": "yes",
              "Environment": "dev",
              "Name": "Application_Server_Aut",
              "OwnerEmail": "yomioye007@gmail.com",
              "Region": "us-east-1",
              "System": "Retail Reporting"
            },
            "tags_all": {
              "Backup": "yes",
              "Environment": "dev",
              "Name": "Application_Server_Aut",
              "OwnerEmail": "yomioye007@gmail.com",
              "Region": "us-east-1",
              "System": "Retail Reporting"
            },
            "tenancy": "default",
            "timeouts": null,
            "user_data": "431e2e990d1ddbc37c37d83504aa6208fb30e421",
            "user_data_base64": null,
            "user_data_replace_on_change": false,
            "volume_tags": null,
            "vpc_security_group_ids": [
              "sg-0ab1e67c557213649"
            ]
          },
          "sensitive_attributes": [],
          "private": "eyJlMmJmYjczMC1lY2FhLTExZTYtOGY4OC0zNDM2M2JjN2M0YzAiOnsiY3JlYXRlIjo2MDAwMDAwMDAwMDAsImRlbGV0ZSI6MTIwMDAwMDAwMDAwMCwicmVhZCI6OTAwMDAwMDAwMDAwLCJ1cGRhdGUiOjYwMDAwMDAwMDAwMH0sInNjaGVtYV92ZXJzaW9uIjoiMSJ9",
          "dependencies": [
            "data.aws_ami.stack_ami",
            "module.EC2-BASE.aws_key_pair.Stack_KP",
            "module.EC2-BASE.aws_security_group.stack-sg",
            "module.EC2-BASE.data.template_file.bootstrap"
          ]
        }
      ]
    },
    {
      "module": "module.EC2-BASE",
      "mode": "managed",
      "type": "aws_key_pair",
      "name": "Stack_KP",
      "provider": "provider[\"registry.terraform.io/hashicorp/aws\"]",
      "instances": [
        {
          "schema_version": 1,
          "attributes": {
            "arn": "arn:aws:ec2:us-east-1:730335195244:key-pair/stackkp",
            "fingerprint": "03:6c:68:8a:61:57:c8:2d:a3:6e:a0:34:ca:e0:25:c8",
            "id": "stackkp",
            "key_name": "stackkp",
            "key_name_prefix": "",
            "key_pair_id": "key-013aea24f819c2f96",
            "key_type": "rsa",
            "public_key": "ssh-rsa AAAAB3NzaC1yc2EAAAADAQABAAABgQDQs6HvIacB/bycbVSNmyqfJcAn9Pl0JN8nOizEZlJdDdYiMHCuaijsm0xGgxId+DouaTo3FCRisCQMuhr49+8nUhWVFe0mK3yrphdXOMCPyDOPmAwLDIl7d6r6uwf1uuFcX4ZxnfW2Xk0ssg0lwwyCBKOzDwtKiPq0gFqF/7rDuomcMerx2o+zqTBHpTdZVYMdthZ5v7AY6KFSlguEPYxcJc6hlqkxFxkE7kIi1O8K/Yd+M8/OHPYL2qyCMRx40tid2Ylyp0UlDirVr8+CuyV/uJrVdsMK9YWwapUZGdUe2hTw2jFRuXvAJVLq/esdV8VSRSDta6E9FmIlbv5ZFxkT8BNkXenrgKFT6HKxc9E+bhUkqR7CndCOil6LxGktI+Cchq1gG3BHslJz/Gz9vQi7SBSNayUHADJ3tiRQ2fMUkVazRUu3xjcJ1Qc+kl2uCZLllewZvdNtB9WEb1hn6VY8EkbjoZlR2AiNjMeQBac98oj+yoZIgcf2XpUzbfzDc70= abibo@LAPTOP-0CEQGVBB",
            "tags": null,
            "tags_all": {}
          },
          "sensitive_attributes": [],
          "private": "eyJzY2hlbWFfdmVyc2lvbiI6IjEifQ=="
        }
      ]
    },
    {
      "module": "module.EC2-BASE",
      "mode": "managed",
      "type": "aws_security_group",
      "name": "stack-sg",
      "provider": "provider[\"registry.terraform.io/hashicorp/aws\"]",
      "instances": [
        {
          "schema_version": 1,
          "attributes": {
            "arn": "arn:aws:ec2:us-east-1:730335195244:security-group/sg-0ab1e67c557213649",
            "description": "Stack IT Security Group For CliXX System",
            "egress": [
              {
                "cidr_blocks": [
                  "0.0.0.0/0"
                ],
                "description": "Allow all outbound traffic",
                "from_port": 0,
                "ipv6_cidr_blocks": [
                  "::/0"
                ],
                "prefix_list_ids": [],
                "protocol": "-1",
                "security_groups": [],
                "self": false,
                "to_port": 0
              }
            ],
            "id": "sg-0ab1e67c557213649",
            "ingress": [
              {
                "cidr_blocks": [
                  "0.0.0.0/0"
                ],
                "description": "Allow HTTP inbound traffic",
                "from_port": 80,
                "ipv6_cidr_blocks": [],
                "prefix_list_ids": [],
                "protocol": "tcp",
                "security_groups": [],
                "self": false,
                "to_port": 80
              },
              {
                "cidr_blocks": [
                  "0.0.0.0/0"
                ],
                "description": "Allow SSH inbound traffic",
                "from_port": 22,
                "ipv6_cidr_blocks": [],
                "prefix_list_ids": [],
                "protocol": "tcp",
                "security_groups": [],
                "self": false,
                "to_port": 22
              }
            ],
            "name": "Stack-Mod-DMZ-EC2",
            "name_prefix": "",
            "owner_id": "730335195244",
            "revoke_rules_on_delete": false,
            "tags": null,
            "tags_all": {},
            "timeouts": null,
            "vpc_id": "vpc-02887ad5377b2ce9d"
          },
          "sensitive_attributes": [],
          "private": "eyJlMmJmYjczMC1lY2FhLTExZTYtOGY4OC0zNDM2M2JjN2M0YzAiOnsiY3JlYXRlIjo2MDAwMDAwMDAwMDAsImRlbGV0ZSI6OTAwMDAwMDAwMDAwfSwic2NoZW1hX3ZlcnNpb24iOiIxIn0="
        }
      ]
    }
  ],
  "check_results": [
    {
      "object_kind": "var",
      "config_addr": "module.CORE-INFO.var.required_tags",
      "status": "pass",
      "objects": [
        {
          "object_addr": "module.CORE-INFO.var.required_tags",
          "status": "pass"
        }
      ]
    }
  ]
}
